
Microsoft Visual Studio Solution File, Format Version 12.00
# Visual Studio Version 17
VisualStudioVersion = 17.7.34202.233
MinimumVisualStudioVersion = 10.0.40219.1
Project("{FAE04EC0-301F-11D3-BF4B-00C04F79EFBC}") = "alison", "alison\alison.csproj", "{F3BCC90C-7430-4EB2-B1E0-F42959636A0C}"
EndProject
Global
	GlobalSection(SolutionConfigurationPlatforms) = preSolution
		Debug|Any CPU = Debug|Any CPU
		Release|Any CPU = Release|Any CPU
	EndGlobalSection
	GlobalSection(ProjectConfigurationPlatforms) = postSolution
		{F3BCC90C-7430-4EB2-B1E0-F42959636A0C}.Debug|Any CPU.ActiveCfg = Debug|Any CPU
		{F3BCC90C-7430-4EB2-B1E0-F42959636A0C}.Debug|Any CPU.Build.0 = Debug|Any CPU
		{F3BCC90C-7430-4EB2-B1E0-F42959636A0C}.Release|Any CPU.ActiveCfg = Release|Any CPU
		{F3BCC90C-7430-4EB2-B1E0-F42959636A0C}.Release|Any CPU.Build.0 = Release|Any CPU
	EndGlobalSection
	GlobalSection(SolutionProperties) = preSolution
		HideSolutionNode = FALSE
	EndGlobalSection
	GlobalSection(ExtensibilityGlobals) = postSolution
		SolutionGuid = {DEB9E826-D5A3-44CD-8388-CAB2E1E7038B}
	EndGlobalSection
EndGlobal
